<<<<<<< HEAD:contrib/vmap_assembler/vmap_assemblerVC120.sln
Microsoft Visual Studio Solution File, Format Version 12.00
# Visual Studio 2013
Project("{8BC9CEB8-8B4A-11D0-8D11-00A0C91BC942}") = "vmap_assembler", "VC120\vmap_assembler.vcxproj", "{572FFF74-480C-4472-8ABF-81733BB4049D}"
EndProject
Project("{8BC9CEB8-8B4A-11D0-8D11-00A0C91BC942}") = "zlib", "..\..\win\VC120\zlib.vcxproj", "{8F1DEA42-6A5B-4B62-839D-C141A7BFACF2}"
EndProject
Project("{8BC9CEB8-8B4A-11D0-8D11-00A0C91BC942}") = "g3dlite", "..\..\win\VC120\g3dlite.vcxproj", "{8072769E-CF10-48BF-B9E1-12752A5DAC6E}"
=======
Microsoft Visual Studio Solution File, Format Version 10.00
# Visual C++ Express 2008
Project("{8BC9CEB8-8B4A-11D0-8D11-00A0C91BC942}") = "vmap_assembler", "VC90\vmap_assembler.vcproj", "{572FFF74-480C-4472-8ABF-81733BB4049D}"
	ProjectSection(ProjectDependencies) = postProject
		{8F1DEA42-6A5B-4B62-839D-C141A7BFACF2} = {8F1DEA42-6A5B-4B62-839D-C141A7BFACF2}
		{8072769E-CF10-48BF-B9E1-12752A5DAC6E} = {8072769E-CF10-48BF-B9E1-12752A5DAC6E}
	EndProjectSection
EndProject
Project("{8BC9CEB8-8B4A-11D0-8D11-00A0C91BC942}") = "zlib", "..\..\win\VC90\zlib.vcproj", "{8F1DEA42-6A5B-4B62-839D-C141A7BFACF2}"
EndProject
Project("{8BC9CEB8-8B4A-11D0-8D11-00A0C91BC942}") = "g3dlite", "..\..\win\VC90\g3dlite.vcproj", "{8072769E-CF10-48BF-B9E1-12752A5DAC6E}"
>>>>>>> 227404d1fd0a6c3ab826bb83450f59f176cc0352:contrib/vmap_assembler/vmap_assemblerVC90.sln
EndProject
Global
	GlobalSection(SolutionConfigurationPlatforms) = preSolution
		Debug_NoPCH|Win32 = Debug_NoPCH|Win32
<<<<<<< HEAD:contrib/vmap_assembler/vmap_assemblerVC120.sln
		Debug_NoPCH|x64 = Debug_NoPCH|x64
		Debug|Win32 = Debug|Win32
		Debug|x64 = Debug|x64
		Release|Win32 = Release|Win32
		Release|x64 = Release|x64
=======
		Debug|Win32 = Debug|Win32
		Release|Win32 = Release|Win32
>>>>>>> 227404d1fd0a6c3ab826bb83450f59f176cc0352:contrib/vmap_assembler/vmap_assemblerVC90.sln
	EndGlobalSection
	GlobalSection(ProjectConfigurationPlatforms) = postSolution
		{572FFF74-480C-4472-8ABF-81733BB4049D}.Debug_NoPCH|Win32.ActiveCfg = Debug|Win32
		{572FFF74-480C-4472-8ABF-81733BB4049D}.Debug_NoPCH|Win32.Build.0 = Debug|Win32
<<<<<<< HEAD:contrib/vmap_assembler/vmap_assemblerVC120.sln
		{572FFF74-480C-4472-8ABF-81733BB4049D}.Debug_NoPCH|x64.ActiveCfg = Debug|x64
		{572FFF74-480C-4472-8ABF-81733BB4049D}.Debug_NoPCH|x64.Build.0 = Debug|x64
		{572FFF74-480C-4472-8ABF-81733BB4049D}.Debug|Win32.ActiveCfg = Debug|Win32
		{572FFF74-480C-4472-8ABF-81733BB4049D}.Debug|Win32.Build.0 = Debug|Win32
		{572FFF74-480C-4472-8ABF-81733BB4049D}.Debug|x64.ActiveCfg = Debug|x64
		{572FFF74-480C-4472-8ABF-81733BB4049D}.Debug|x64.Build.0 = Debug|x64
		{572FFF74-480C-4472-8ABF-81733BB4049D}.Release|Win32.ActiveCfg = Release|Win32
		{572FFF74-480C-4472-8ABF-81733BB4049D}.Release|Win32.Build.0 = Release|Win32
		{572FFF74-480C-4472-8ABF-81733BB4049D}.Release|x64.ActiveCfg = Release|x64
		{572FFF74-480C-4472-8ABF-81733BB4049D}.Release|x64.Build.0 = Release|x64
		{8F1DEA42-6A5B-4B62-839D-C141A7BFACF2}.Debug_NoPCH|Win32.ActiveCfg = Debug_NoPCH|Win32
		{8F1DEA42-6A5B-4B62-839D-C141A7BFACF2}.Debug_NoPCH|Win32.Build.0 = Debug_NoPCH|Win32
		{8F1DEA42-6A5B-4B62-839D-C141A7BFACF2}.Debug_NoPCH|x64.ActiveCfg = Debug_NoPCH|x64
		{8F1DEA42-6A5B-4B62-839D-C141A7BFACF2}.Debug_NoPCH|x64.Build.0 = Debug_NoPCH|x64
		{8F1DEA42-6A5B-4B62-839D-C141A7BFACF2}.Debug|Win32.ActiveCfg = Debug|Win32
		{8F1DEA42-6A5B-4B62-839D-C141A7BFACF2}.Debug|Win32.Build.0 = Debug|Win32
		{8F1DEA42-6A5B-4B62-839D-C141A7BFACF2}.Debug|x64.ActiveCfg = Debug|x64
		{8F1DEA42-6A5B-4B62-839D-C141A7BFACF2}.Debug|x64.Build.0 = Debug|x64
		{8F1DEA42-6A5B-4B62-839D-C141A7BFACF2}.Release|Win32.ActiveCfg = Release|Win32
		{8F1DEA42-6A5B-4B62-839D-C141A7BFACF2}.Release|Win32.Build.0 = Release|Win32
		{8F1DEA42-6A5B-4B62-839D-C141A7BFACF2}.Release|x64.ActiveCfg = Release|x64
		{8F1DEA42-6A5B-4B62-839D-C141A7BFACF2}.Release|x64.Build.0 = Release|x64
		{8072769E-CF10-48BF-B9E1-12752A5DAC6E}.Debug_NoPCH|Win32.ActiveCfg = Debug_NoPCH|Win32
		{8072769E-CF10-48BF-B9E1-12752A5DAC6E}.Debug_NoPCH|Win32.Build.0 = Debug_NoPCH|Win32
		{8072769E-CF10-48BF-B9E1-12752A5DAC6E}.Debug_NoPCH|x64.ActiveCfg = Debug_NoPCH|x64
		{8072769E-CF10-48BF-B9E1-12752A5DAC6E}.Debug_NoPCH|x64.Build.0 = Debug_NoPCH|x64
		{8072769E-CF10-48BF-B9E1-12752A5DAC6E}.Debug|Win32.ActiveCfg = Debug|Win32
		{8072769E-CF10-48BF-B9E1-12752A5DAC6E}.Debug|Win32.Build.0 = Debug|Win32
		{8072769E-CF10-48BF-B9E1-12752A5DAC6E}.Debug|x64.ActiveCfg = Debug|x64
		{8072769E-CF10-48BF-B9E1-12752A5DAC6E}.Debug|x64.Build.0 = Debug|x64
		{8072769E-CF10-48BF-B9E1-12752A5DAC6E}.Release|Win32.ActiveCfg = Release|Win32
		{8072769E-CF10-48BF-B9E1-12752A5DAC6E}.Release|Win32.Build.0 = Release|Win32
		{8072769E-CF10-48BF-B9E1-12752A5DAC6E}.Release|x64.ActiveCfg = Release|x64
		{8072769E-CF10-48BF-B9E1-12752A5DAC6E}.Release|x64.Build.0 = Release|x64
=======
		{572FFF74-480C-4472-8ABF-81733BB4049D}.Debug|Win32.ActiveCfg = Debug|Win32
		{572FFF74-480C-4472-8ABF-81733BB4049D}.Debug|Win32.Build.0 = Debug|Win32
		{572FFF74-480C-4472-8ABF-81733BB4049D}.Release|Win32.ActiveCfg = Release|Win32
		{572FFF74-480C-4472-8ABF-81733BB4049D}.Release|Win32.Build.0 = Release|Win32
		{8F1DEA42-6A5B-4B62-839D-C141A7BFACF2}.Debug_NoPCH|Win32.ActiveCfg = Debug_NoPCH|Win32
		{8F1DEA42-6A5B-4B62-839D-C141A7BFACF2}.Debug_NoPCH|Win32.Build.0 = Debug_NoPCH|Win32
		{8F1DEA42-6A5B-4B62-839D-C141A7BFACF2}.Debug|Win32.ActiveCfg = Debug|Win32
		{8F1DEA42-6A5B-4B62-839D-C141A7BFACF2}.Debug|Win32.Build.0 = Debug|Win32
		{8F1DEA42-6A5B-4B62-839D-C141A7BFACF2}.Release|Win32.ActiveCfg = Release|Win32
		{8F1DEA42-6A5B-4B62-839D-C141A7BFACF2}.Release|Win32.Build.0 = Release|Win32
		{8072769E-CF10-48BF-B9E1-12752A5DAC6E}.Debug_NoPCH|Win32.ActiveCfg = Debug_NoPCH|Win32
		{8072769E-CF10-48BF-B9E1-12752A5DAC6E}.Debug_NoPCH|Win32.Build.0 = Debug_NoPCH|Win32
		{8072769E-CF10-48BF-B9E1-12752A5DAC6E}.Debug|Win32.ActiveCfg = Debug|Win32
		{8072769E-CF10-48BF-B9E1-12752A5DAC6E}.Debug|Win32.Build.0 = Debug|Win32
		{8072769E-CF10-48BF-B9E1-12752A5DAC6E}.Release|Win32.ActiveCfg = Release|Win32
		{8072769E-CF10-48BF-B9E1-12752A5DAC6E}.Release|Win32.Build.0 = Release|Win32
>>>>>>> 227404d1fd0a6c3ab826bb83450f59f176cc0352:contrib/vmap_assembler/vmap_assemblerVC90.sln
	EndGlobalSection
	GlobalSection(SolutionProperties) = preSolution
		HideSolutionNode = FALSE
	EndGlobalSection
EndGlobal
